
Microsoft Visual Studio Solution File, Format Version 12.00
# Visual Studio 15
VisualStudioVersion = 15.0.25807.0
MinimumVisualStudioVersion = 10.0.40219.1
Project("{2150E333-8FDC-42A3-9474-1A3956D46DE8}") = "Engine", "Engine", "{72250EBA-D8D9-4CB4-8571-90C5ED2EF14E}"
EndProject
Project("{2150E333-8FDC-42A3-9474-1A3956D46DE8}") = "Games", "Games", "{9210D928-3E5B-4CBF-B796-07A17D8B1C7B}"
EndProject
Project("{8BC9CEB8-8B4A-11D0-8D11-00A0C91BC942}") = "UE4", "Intermediate\ProjectFiles\UE4.vcxproj", "{453C0D76-CD30-4277-A7B4-37CCACB61BBE}"
EndProject
Project("{8BC9CEB8-8B4A-11D0-8D11-00A0C91BC942}") = "BuildingEscape", "Intermediate\ProjectFiles\BuildingEscape.vcxproj", "{228A52C3-3118-4247-9539-BC779FFEBD74}"
EndProject
Global
	GlobalSection(SolutionConfigurationPlatforms) = preSolution
		DebugGame Editor|HTML5 = DebugGame Editor|HTML5
		DebugGame Editor|Win32 = DebugGame Editor|Win32
		DebugGame Editor|Win64 = DebugGame Editor|Win64
		DebugGame|HTML5 = DebugGame|HTML5
		DebugGame|Win32 = DebugGame|Win32
		DebugGame|Win64 = DebugGame|Win64
		Development Editor|HTML5 = Development Editor|HTML5
		Development Editor|Win32 = Development Editor|Win32
		Development Editor|Win64 = Development Editor|Win64
		Development|HTML5 = Development|HTML5
		Development|Win32 = Development|Win32
		Development|Win64 = Development|Win64
		Shipping|HTML5 = Shipping|HTML5
		Shipping|Win32 = Shipping|Win32
		Shipping|Win64 = Shipping|Win64
	EndGlobalSection
	GlobalSection(ProjectConfigurationPlatforms) = postSolution
		{453C0D76-CD30-4277-A7B4-37CCACB61BBE}.DebugGame Editor|HTML5.ActiveCfg = BuiltWithUnrealBuildTool|Win32
		{453C0D76-CD30-4277-A7B4-37CCACB61BBE}.DebugGame Editor|HTML5.Build.0 = BuiltWithUnrealBuildTool|Win32
		{453C0D76-CD30-4277-A7B4-37CCACB61BBE}.DebugGame Editor|Win32.ActiveCfg = BuiltWithUnrealBuildTool|Win32
		{453C0D76-CD30-4277-A7B4-37CCACB61BBE}.DebugGame Editor|Win32.Build.0 = BuiltWithUnrealBuildTool|Win32
		{453C0D76-CD30-4277-A7B4-37CCACB61BBE}.DebugGame Editor|Win64.ActiveCfg = BuiltWithUnrealBuildTool|Win32
		{453C0D76-CD30-4277-A7B4-37CCACB61BBE}.DebugGame Editor|Win64.Build.0 = BuiltWithUnrealBuildTool|Win32
		{453C0D76-CD30-4277-A7B4-37CCACB61BBE}.DebugGame|HTML5.ActiveCfg = BuiltWithUnrealBuildTool|Win32
		{453C0D76-CD30-4277-A7B4-37CCACB61BBE}.DebugGame|HTML5.Build.0 = BuiltWithUnrealBuildTool|Win32
		{453C0D76-CD30-4277-A7B4-37CCACB61BBE}.DebugGame|Win32.ActiveCfg = BuiltWithUnrealBuildTool|Win32
		{453C0D76-CD30-4277-A7B4-37CCACB61BBE}.DebugGame|Win32.Build.0 = BuiltWithUnrealBuildTool|Win32
		{453C0D76-CD30-4277-A7B4-37CCACB61BBE}.DebugGame|Win64.ActiveCfg = BuiltWithUnrealBuildTool|Win32
		{453C0D76-CD30-4277-A7B4-37CCACB61BBE}.DebugGame|Win64.Build.0 = BuiltWithUnrealBuildTool|Win32
		{453C0D76-CD30-4277-A7B4-37CCACB61BBE}.Development Editor|HTML5.ActiveCfg = BuiltWithUnrealBuildTool|Win32
		{453C0D76-CD30-4277-A7B4-37CCACB61BBE}.Development Editor|HTML5.Build.0 = BuiltWithUnrealBuildTool|Win32
		{453C0D76-CD30-4277-A7B4-37CCACB61BBE}.Development Editor|Win32.ActiveCfg = BuiltWithUnrealBuildTool|Win32
		{453C0D76-CD30-4277-A7B4-37CCACB61BBE}.Development Editor|Win32.Build.0 = BuiltWithUnrealBuildTool|Win32
		{453C0D76-CD30-4277-A7B4-37CCACB61BBE}.Development Editor|Win64.ActiveCfg = BuiltWithUnrealBuildTool|Win32
		{453C0D76-CD30-4277-A7B4-37CCACB61BBE}.Development Editor|Win64.Build.0 = BuiltWithUnrealBuildTool|Win32
		{453C0D76-CD30-4277-A7B4-37CCACB61BBE}.Development|HTML5.ActiveCfg = BuiltWithUnrealBuildTool|Win32
		{453C0D76-CD30-4277-A7B4-37CCACB61BBE}.Development|HTML5.Build.0 = BuiltWithUnrealBuildTool|Win32
		{453C0D76-CD30-4277-A7B4-37CCACB61BBE}.Development|Win32.ActiveCfg = BuiltWithUnrealBuildTool|Win32
		{453C0D76-CD30-4277-A7B4-37CCACB61BBE}.Development|Win32.Build.0 = BuiltWithUnrealBuildTool|Win32
		{453C0D76-CD30-4277-A7B4-37CCACB61BBE}.Development|Win64.ActiveCfg = BuiltWithUnrealBuildTool|Win32
		{453C0D76-CD30-4277-A7B4-37CCACB61BBE}.Development|Win64.Build.0 = BuiltWithUnrealBuildTool|Win32
		{453C0D76-CD30-4277-A7B4-37CCACB61BBE}.Shipping|HTML5.ActiveCfg = BuiltWithUnrealBuildTool|Win32
		{453C0D76-CD30-4277-A7B4-37CCACB61BBE}.Shipping|HTML5.Build.0 = BuiltWithUnrealBuildTool|Win32
		{453C0D76-CD30-4277-A7B4-37CCACB61BBE}.Shipping|Win32.ActiveCfg = BuiltWithUnrealBuildTool|Win32
		{453C0D76-CD30-4277-A7B4-37CCACB61BBE}.Shipping|Win32.Build.0 = BuiltWithUnrealBuildTool|Win32
		{453C0D76-CD30-4277-A7B4-37CCACB61BBE}.Shipping|Win64.ActiveCfg = BuiltWithUnrealBuildTool|Win32
		{453C0D76-CD30-4277-A7B4-37CCACB61BBE}.Shipping|Win64.Build.0 = BuiltWithUnrealBuildTool|Win32
		{228A52C3-3118-4247-9539-BC779FFEBD74}.DebugGame Editor|HTML5.ActiveCfg = HTML5_DebugGame_Editor|Win32
		{228A52C3-3118-4247-9539-BC779FFEBD74}.DebugGame Editor|Win32.ActiveCfg = DebugGame_Editor|Win32
		{228A52C3-3118-4247-9539-BC779FFEBD74}.DebugGame Editor|Win64.ActiveCfg = DebugGame_Editor|x64
		{228A52C3-3118-4247-9539-BC779FFEBD74}.DebugGame Editor|Win64.Build.0 = DebugGame_Editor|x64
		{228A52C3-3118-4247-9539-BC779FFEBD74}.DebugGame|HTML5.ActiveCfg = HTML5_DebugGame_Game|Win32
		{228A52C3-3118-4247-9539-BC779FFEBD74}.DebugGame|HTML5.Build.0 = HTML5_DebugGame_Game|Win32
		{228A52C3-3118-4247-9539-BC779FFEBD74}.DebugGame|Win32.ActiveCfg = DebugGame_Game|Win32
		{228A52C3-3118-4247-9539-BC779FFEBD74}.DebugGame|Win32.Build.0 = DebugGame_Game|Win32
		{228A52C3-3118-4247-9539-BC779FFEBD74}.DebugGame|Win64.ActiveCfg = DebugGame_Game|x64
		{228A52C3-3118-4247-9539-BC779FFEBD74}.DebugGame|Win64.Build.0 = DebugGame_Game|x64
		{228A52C3-3118-4247-9539-BC779FFEBD74}.Development Editor|HTML5.ActiveCfg = HTML5_Development_Editor|Win32
		{228A52C3-3118-4247-9539-BC779FFEBD74}.Development Editor|Win32.ActiveCfg = Development_Editor|Win32
		{228A52C3-3118-4247-9539-BC779FFEBD74}.Development Editor|Win64.ActiveCfg = Development_Editor|x64
		{228A52C3-3118-4247-9539-BC779FFEBD74}.Development Editor|Win64.Build.0 = Development_Editor|x64
		{228A52C3-3118-4247-9539-BC779FFEBD74}.Development|HTML5.ActiveCfg = HTML5_Development_Game|Win32
		{228A52C3-3118-4247-9539-BC779FFEBD74}.Development|HTML5.Build.0 = HTML5_Development_Game|Win32
		{228A52C3-3118-4247-9539-BC779FFEBD74}.Development|Win32.ActiveCfg = Development_Game|Win32
		{228A52C3-3118-4247-9539-BC779FFEBD74}.Development|Win32.Build.0 = Development_Game|Win32
		{228A52C3-3118-4247-9539-BC779FFEBD74}.Development|Win64.ActiveCfg = Development_Game|x64
		{228A52C3-3118-4247-9539-BC779FFEBD74}.Development|Win64.Build.0 = Development_Game|x64
		{228A52C3-3118-4247-9539-BC779FFEBD74}.Shipping|HTML5.ActiveCfg = HTML5_Shipping_Game|Win32
		{228A52C3-3118-4247-9539-BC779FFEBD74}.Shipping|HTML5.Build.0 = HTML5_Shipping_Game|Win32
		{228A52C3-3118-4247-9539-BC779FFEBD74}.Shipping|Win32.ActiveCfg = Shipping_Game|Win32
		{228A52C3-3118-4247-9539-BC779FFEBD74}.Shipping|Win32.Build.0 = Shipping_Game|Win32
		{228A52C3-3118-4247-9539-BC779FFEBD74}.Shipping|Win64.ActiveCfg = Shipping_Game|x64
		{228A52C3-3118-4247-9539-BC779FFEBD74}.Shipping|Win64.Build.0 = Shipping_Game|x64
	EndGlobalSection
	GlobalSection(SolutionProperties) = preSolution
		HideSolutionNode = FALSE
	EndGlobalSection
	GlobalSection(NestedProjects) = preSolution
		{453C0D76-CD30-4277-A7B4-37CCACB61BBE} = {72250EBA-D8D9-4CB4-8571-90C5ED2EF14E}
		{228A52C3-3118-4247-9539-BC779FFEBD74} = {9210D928-3E5B-4CBF-B796-07A17D8B1C7B}
	EndGlobalSection
	GlobalSection(ExtensibilityGlobals) = postSolution
		SolutionGuid = {F8DEE78D-41CB-4CAC-B381-517D469E3557}
	EndGlobalSection
EndGlobal
